Microsoft Visual Studio Solution File, Format Version 12.00
# Visual Studio Version 17
VisualStudioVersion = 17.5.2.0
MinimumVisualStudioVersion = 10.0.40219.1
Project("{FAE04EC0-301F-11D3-BF4B-00C04F79EFBC}") = "food_bora", "food_bora.csproj", "{F89D0071-CF57-21B9-B285-6971792CF52F}"
EndProject
Global
	GlobalSection(SolutionConfigurationPlatforms) = preSolution
		Debug|Any CPU = Debug|Any CPU
		Release|Any CPU = Release|Any CPU
	EndGlobalSection
	GlobalSection(ProjectConfigurationPlatforms) = postSolution
		{F89D0071-CF57-21B9-B285-6971792CF52F}.Debug|Any CPU.ActiveCfg = Debug|Any CPU
		{F89D0071-CF57-21B9-B285-6971792CF52F}.Debug|Any CPU.Build.0 = Debug|Any CPU
		{F89D0071-CF57-21B9-B285-6971792CF52F}.Release|Any CPU.ActiveCfg = Release|Any CPU
		{F89D0071-CF57-21B9-B285-6971792CF52F}.Release|Any CPU.Build.0 = Release|Any CPU
	EndGlobalSection
	GlobalSection(SolutionProperties) = preSolution
		HideSolutionNode = FALSE
	EndGlobalSection
	GlobalSection(ExtensibilityGlobals) = postSolution
		SolutionGuid = {E733F66B-5736-45AD-B4E3-0FBE05CE8577}
	EndGlobalSection
EndGlobal
